
Microsoft Visual Studio Solution File, Format Version 12.00
# Visual Studio 15
VisualStudioVersion = 15.0.28307.1831
MinimumVisualStudioVersion = 10.0.40219.1
Project("{FAE04EC0-301F-11D3-BF4B-00C04F79EFBC}") = "02-CalculandoNotas", "02-CalculandoNotas\02-CalculandoNotas.csproj", "{AC0E4A8E-64F3-4D8D-87C7-876881D58BA3}"
EndProject
Global
	GlobalSection(SolutionConfigurationPlatforms) = preSolution
		Debug|Any CPU = Debug|Any CPU
		Release|Any CPU = Release|Any CPU
	EndGlobalSection
	GlobalSection(ProjectConfigurationPlatforms) = postSolution
		{AC0E4A8E-64F3-4D8D-87C7-876881D58BA3}.Debug|Any CPU.ActiveCfg = Debug|Any CPU
		{AC0E4A8E-64F3-4D8D-87C7-876881D58BA3}.Debug|Any CPU.Build.0 = Debug|Any CPU
		{AC0E4A8E-64F3-4D8D-87C7-876881D58BA3}.Release|Any CPU.ActiveCfg = Release|Any CPU
		{AC0E4A8E-64F3-4D8D-87C7-876881D58BA3}.Release|Any CPU.Build.0 = Release|Any CPU
	EndGlobalSection
	GlobalSection(SolutionProperties) = preSolution
		HideSolutionNode = FALSE
	EndGlobalSection
	GlobalSection(ExtensibilityGlobals) = postSolution
		SolutionGuid = {5E685B75-2F7E-4FBB-88F3-1A24804FC499}
	EndGlobalSection
EndGlobal
