
Microsoft Visual Studio Solution File, Format Version 12.00
# Visual Studio 15
VisualStudioVersion = 15.0.28307.1831
MinimumVisualStudioVersion = 10.0.40219.1
Project("{FAE04EC0-301F-11D3-BF4B-00C04F79EFBC}") = "2-TesteCondicional2", "TesteCondicional2\2-TesteCondicional2.csproj", "{9219FEFA-4A71-413F-9271-FFC658BFB7D7}"
EndProject
Project("{FAE04EC0-301F-11D3-BF4B-00C04F79EFBC}") = "TesteIR", "TesteIR\TesteIR.csproj", "{0CE03901-082D-4475-8C94-B707F6565B72}"
EndProject
Project("{FAE04EC0-301F-11D3-BF4B-00C04F79EFBC}") = "CalculandoSalario", "CalculandoSalario\CalculandoSalario.csproj", "{5D593F69-A8E8-48F9-BD2A-A83D4CADE8CA}"
EndProject
Project("{FAE04EC0-301F-11D3-BF4B-00C04F79EFBC}") = "ImpostoDeRenda", "ImpostoDeRenda\ImpostoDeRenda.csproj", "{CA5D04DF-C8DC-43BD-BF70-482C16635794}"
EndProject
Global
	GlobalSection(SolutionConfigurationPlatforms) = preSolution
		Debug|Any CPU = Debug|Any CPU
		Release|Any CPU = Release|Any CPU
	EndGlobalSection
	GlobalSection(ProjectConfigurationPlatforms) = postSolution
		{9219FEFA-4A71-413F-9271-FFC658BFB7D7}.Debug|Any CPU.ActiveCfg = Debug|Any CPU
		{9219FEFA-4A71-413F-9271-FFC658BFB7D7}.Debug|Any CPU.Build.0 = Debug|Any CPU
		{9219FEFA-4A71-413F-9271-FFC658BFB7D7}.Release|Any CPU.ActiveCfg = Release|Any CPU
		{9219FEFA-4A71-413F-9271-FFC658BFB7D7}.Release|Any CPU.Build.0 = Release|Any CPU
		{0CE03901-082D-4475-8C94-B707F6565B72}.Debug|Any CPU.ActiveCfg = Debug|Any CPU
		{0CE03901-082D-4475-8C94-B707F6565B72}.Debug|Any CPU.Build.0 = Debug|Any CPU
		{0CE03901-082D-4475-8C94-B707F6565B72}.Release|Any CPU.ActiveCfg = Release|Any CPU
		{0CE03901-082D-4475-8C94-B707F6565B72}.Release|Any CPU.Build.0 = Release|Any CPU
		{5D593F69-A8E8-48F9-BD2A-A83D4CADE8CA}.Debug|Any CPU.ActiveCfg = Debug|Any CPU
		{5D593F69-A8E8-48F9-BD2A-A83D4CADE8CA}.Debug|Any CPU.Build.0 = Debug|Any CPU
		{5D593F69-A8E8-48F9-BD2A-A83D4CADE8CA}.Release|Any CPU.ActiveCfg = Release|Any CPU
		{5D593F69-A8E8-48F9-BD2A-A83D4CADE8CA}.Release|Any CPU.Build.0 = Release|Any CPU
		{CA5D04DF-C8DC-43BD-BF70-482C16635794}.Debug|Any CPU.ActiveCfg = Debug|Any CPU
		{CA5D04DF-C8DC-43BD-BF70-482C16635794}.Debug|Any CPU.Build.0 = Debug|Any CPU
		{CA5D04DF-C8DC-43BD-BF70-482C16635794}.Release|Any CPU.ActiveCfg = Release|Any CPU
		{CA5D04DF-C8DC-43BD-BF70-482C16635794}.Release|Any CPU.Build.0 = Release|Any CPU
	EndGlobalSection
	GlobalSection(SolutionProperties) = preSolution
		HideSolutionNode = FALSE
	EndGlobalSection
	GlobalSection(ExtensibilityGlobals) = postSolution
		SolutionGuid = {0D7510A9-6E02-489A-BA33-7D6820B13C75}
	EndGlobalSection
EndGlobal
