
Microsoft Visual Studio Solution File, Format Version 12.00
# Visual Studio 15
VisualStudioVersion = 15.0.28307.1831
MinimumVisualStudioVersion = 10.0.40219.1
Project("{FAE04EC0-301F-11D3-BF4B-00C04F79EFBC}") = "4-While", "4-While\4-While.csproj", "{D98BD607-F4EB-4F8C-AA12-E93AC4538FB4}"
EndProject
Project("{FAE04EC0-301F-11D3-BF4B-00C04F79EFBC}") = "TestandoWhile", "TestandoWhile\TestandoWhile.csproj", "{20B83324-D785-42E6-BBF6-00E7A703B7AC}"
EndProject
Global
	GlobalSection(SolutionConfigurationPlatforms) = preSolution
		Debug|Any CPU = Debug|Any CPU
		Release|Any CPU = Release|Any CPU
	EndGlobalSection
	GlobalSection(ProjectConfigurationPlatforms) = postSolution
		{D98BD607-F4EB-4F8C-AA12-E93AC4538FB4}.Debug|Any CPU.ActiveCfg = Debug|Any CPU
		{D98BD607-F4EB-4F8C-AA12-E93AC4538FB4}.Debug|Any CPU.Build.0 = Debug|Any CPU
		{D98BD607-F4EB-4F8C-AA12-E93AC4538FB4}.Release|Any CPU.ActiveCfg = Release|Any CPU
		{D98BD607-F4EB-4F8C-AA12-E93AC4538FB4}.Release|Any CPU.Build.0 = Release|Any CPU
		{20B83324-D785-42E6-BBF6-00E7A703B7AC}.Debug|Any CPU.ActiveCfg = Debug|Any CPU
		{20B83324-D785-42E6-BBF6-00E7A703B7AC}.Debug|Any CPU.Build.0 = Debug|Any CPU
		{20B83324-D785-42E6-BBF6-00E7A703B7AC}.Release|Any CPU.ActiveCfg = Release|Any CPU
		{20B83324-D785-42E6-BBF6-00E7A703B7AC}.Release|Any CPU.Build.0 = Release|Any CPU
	EndGlobalSection
	GlobalSection(SolutionProperties) = preSolution
		HideSolutionNode = FALSE
	EndGlobalSection
	GlobalSection(ExtensibilityGlobals) = postSolution
		SolutionGuid = {B892F568-754B-4967-841A-9EA9C800C257}
	EndGlobalSection
EndGlobal
